// !$*UTF8*$!
{
	archiveVersion = 1;
	classes = {
	};
	objectVersion = 46;
	objects = {

/* Begin PBXBuildFile section */
		8E1B5FD61EE955D300ADCE4C /* AppDelegate.swift in Sources */ = {isa = PBXBuildFile; fileRef = 8E1B5FD51EE955D300ADCE4C /* AppDelegate.swift */; };
		8E1B5FD81EE955D300ADCE4C /* ViewController.swift in Sources */ = {isa = PBXBuildFile; fileRef = 8E1B5FD71EE955D300ADCE4C /* ViewController.swift */; };
		8E1B5FDB1EE955D300ADCE4C /* Main.storyboard in Resources */ = {isa = PBXBuildFile; fileRef = 8E1B5FD91EE955D300ADCE4C /* Main.storyboard */; };
		8E1B5FDD1EE955D300ADCE4C /* Assets.xcassets in Resources */ = {isa = PBXBuildFile; fileRef = 8E1B5FDC1EE955D300ADCE4C /* Assets.xcassets */; };
		8E1B5FE01EE955D300ADCE4C /* LaunchScreen.storyboard in Resources */ = {isa = PBXBuildFile; fileRef = 8E1B5FDE1EE955D300ADCE4C /* LaunchScreen.storyboard */; };
		8E1B5FEB1EE955D300ADCE4C /* zisakuTests.swift in Sources */ = {isa = PBXBuildFile; fileRef = 8E1B5FEA1EE955D300ADCE4C /* zisakuTests.swift */; };
		8E1B5FF61EE955D300ADCE4C /* zisakuUITests.swift in Sources */ = {isa = PBXBuildFile; fileRef = 8E1B5FF51EE955D300ADCE4C /* zisakuUITests.swift */; };
/* End PBXBuildFile section */

/* Begin PBXContainerItemProxy section */
		8E1B5FE71EE955D300ADCE4C /* PBXContainerItemProxy */ = {
			isa = PBXContainerItemProxy;
			containerPortal = 8E1B5FCA1EE955D300ADCE4C /* Project object */;
			proxyType = 1;
			remoteGlobalIDString = 8E1B5FD11EE955D300ADCE4C;
			remoteInfo = zisaku;
		};
		8E1B5FF21EE955D300ADCE4C /* PBXContainerItemProxy */ = {
			isa = PBXContainerItemProxy;
			containerPortal = 8E1B5FCA1EE955D300ADCE4C /* Project object */;
			proxyType = 1;
			remoteGlobalIDString = 8E1B5FD11EE955D300ADCE4C;
			remoteInfo = zisaku;
		};
/* End PBXContainerItemProxy section */

/* Begin PBXFileReference section */
		8E1B5FD21EE955D300ADCE4C /* zisaku.app */ = {isa = PBXFileReference; explicitFileType = wrapper.application; includeInIndex = 0; path = zisaku.app; sourceTree = BUILT_PRODUCTS_DIR; };
		8E1B5FD51EE955D300ADCE4C /* AppDelegate.swift */ = {isa = PBXFileReference; lastKnownFileType = sourcecode.swift; path = AppDelegate.swift; sourceTree = "<group>"; };
		8E1B5FD71EE955D300ADCE4C /* ViewController.swift */ = {isa = PBXFileReference; lastKnownFileType = sourcecode.swift; path = ViewController.swift; sourceTree = "<group>"; };
		8E1B5FDA1EE955D300ADCE4C /* Base */ = {isa = PBXFileReference; lastKnownFileType = file.storyboard; name = Base; path = Base.lproj/Main.storyboard; sourceTree = "<group>"; };
		8E1B5FDC1EE955D300ADCE4C /* Assets.xcassets */ = {isa = PBXFileReference; lastKnownFileType = folder.assetcatalog; path = Assets.xcassets; sourceTree = "<group>"; };
		8E1B5FDF1EE955D300ADCE4C /* Base */ = {isa = PBXFileReference; lastKnownFileType = file.storyboard; name = Base; path = Base.lproj/LaunchScreen.storyboard; sourceTree = "<group>"; };
		8E1B5FE11EE955D300ADCE4C /* Info.plist */ = {isa = PBXFileReference; lastKnownFileType = text.plist.xml; path = Info.plist; sourceTree = "<group>"; };
		8E1B5FE61EE955D300ADCE4C /* zisakuTests.xctest */ = {isa = PBXFileReference; explicitFileType = wrapper.cfbundle; includeInIndex = 0; path = zisakuTests.xctest; sourceTree = BUILT_PRODUCTS_DIR; };
		8E1B5FEA1EE955D300ADCE4C /* zisakuTests.swift */ = {isa = PBXFileReference; lastKnownFileType = sourcecode.swift; path = zisakuTests.swift; sourceTree = "<group>"; };
		8E1B5FEC1EE955D300ADCE4C /* Info.plist */ = {isa = PBXFileReference; lastKnownFileType = text.plist.xml; path = Info.plist; sourceTree = "<group>"; };
		8E1B5FF11EE955D300ADCE4C /* zisakuUITests.xctest */ = {isa = PBXFileReference; explicitFileType = wrapper.cfbundle; includeInIndex = 0; path = zisakuUITests.xctest; sourceTree = BUILT_PRODUCTS_DIR; };
		8E1B5FF51EE955D300ADCE4C /* zisakuUITests.swift */ = {isa = PBXFileReference; lastKnownFileType = sourcecode.swift; path = zisakuUITests.swift; sourceTree = "<group>"; };
		8E1B5FF71EE955D300ADCE4C /* Info.plist */ = {isa = PBXFileReference; lastKnownFileType = text.plist.xml; path = Info.plist; sourceTree = "<group>"; };
/* End PBXFileReference section */

/* Begin PBXFrameworksBuildPhase section */
		8E1B5FCF1EE955D300ADCE4C /* Frameworks */ = {
			isa = PBXFrameworksBuildPhase;
			buildActionMask = 2147483647;
			files = (
			);
			runOnlyForDeploymentPostprocessing = 0;
		};
		8E1B5FE31EE955D300ADCE4C /* Frameworks */ = {
			isa = PBXFrameworksBuildPhase;
			buildActionMask = 2147483647;
			files = (
			);
			runOnlyForDeploymentPostprocessing = 0;
		};
		8E1B5FEE1EE955D300ADCE4C /* Frameworks */ = {
			isa = PBXFrameworksBuildPhase;
			buildActionMask = 2147483647;
			files = (
			);
			runOnlyForDeploymentPostprocessing = 0;
		};
/* End PBXFrameworksBuildPhase section */

/* Begin PBXGroup section */
		8E1B5FC91EE955D300ADCE4C = {
			isa = PBXGroup;
			children = (
				8E1B5FD41EE955D300ADCE4C /* zisaku */,
				8E1B5FE91EE955D300ADCE4C /* zisakuTests */,
				8E1B5FF41EE955D300ADCE4C /* zisakuUITests */,
				8E1B5FD31EE955D300ADCE4C /* Products */,
			);
			sourceTree = "<group>";
		};
		8E1B5FD31EE955D300ADCE4C /* Products */ = {
			isa = PBXGroup;
			children = (
				8E1B5FD21EE955D300ADCE4C /* zisaku.app */,
				8E1B5FE61EE955D300ADCE4C /* zisakuTests.xctest */,
				8E1B5FF11EE955D300ADCE4C /* zisakuUITests.xctest */,
			);
			name = Products;
			sourceTree = "<group>";
		};
		8E1B5FD41EE955D300ADCE4C /* zisaku */ = {
			isa = PBXGroup;
			children = (
				8E1B5FD51EE955D300ADCE4C /* AppDelegate.swift */,
				8E1B5FD71EE955D300ADCE4C /* ViewController.swift */,
				8E1B5FD91EE955D300ADCE4C /* Main.storyboard */,
				8E1B5FDC1EE955D300ADCE4C /* Assets.xcassets */,
				8E1B5FDE1EE955D300ADCE4C /* LaunchScreen.storyboard */,
				8E1B5FE11EE955D300ADCE4C /* Info.plist */,
			);
			path = zisaku;
			sourceTree = "<group>";
		};
		8E1B5FE91EE955D300ADCE4C /* zisakuTests */ = {
			isa = PBXGroup;
			children = (
				8E1B5FEA1EE955D300ADCE4C /* zisakuTests.swift */,
				8E1B5FEC1EE955D300ADCE4C /* Info.plist */,
			);
			path = zisakuTests;
			sourceTree = "<group>";
		};
		8E1B5FF41EE955D300ADCE4C /* zisakuUITests */ = {
			isa = PBXGroup;
			children = (
				8E1B5FF51EE955D300ADCE4C /* zisakuUITests.swift */,
				8E1B5FF71EE955D300ADCE4C /* Info.plist */,
			);
			path = zisakuUITests;
			sourceTree = "<group>";
		};
/* End PBXGroup section */

/* Begin PBXNativeTarget section */
		8E1B5FD11EE955D300ADCE4C /* zisaku */ = {
			isa = PBXNativeTarget;
			buildConfigurationList = 8E1B5FFA1EE955D300ADCE4C /* Build configuration list for PBXNativeTarget "zisaku" */;
			buildPhases = (
				8E1B5FCE1EE955D300ADCE4C /* Sources */,
				8E1B5FCF1EE955D300ADCE4C /* Frameworks */,
				8E1B5FD01EE955D300ADCE4C /* Resources */,
			);
			buildRules = (
			);
			dependencies = (
			);
			name = zisaku;
			productName = zisaku;
			productReference = 8E1B5FD21EE955D300ADCE4C /* zisaku.app */;
			productType = "com.apple.product-type.application";
		};
		8E1B5FE51EE955D300ADCE4C /* zisakuTests */ = {
			isa = PBXNativeTarget;
			buildConfigurationList = 8E1B5FFD1EE955D300ADCE4C /* Build configuration list for PBXNativeTarget "zisakuTests" */;
			buildPhases = (
				8E1B5FE21EE955D300ADCE4C /* Sources */,
				8E1B5FE31EE955D300ADCE4C /* Frameworks */,
				8E1B5FE41EE955D300ADCE4C /* Resources */,
			);
			buildRules = (
			);
			dependencies = (
				8E1B5FE81EE955D300ADCE4C /* PBXTargetDependency */,
			);
			name = zisakuTests;
			productName = zisakuTests;
			productReference = 8E1B5FE61EE955D300ADCE4C /* zisakuTests.xctest */;
			productType = "com.apple.product-type.bundle.unit-test";
		};
		8E1B5FF01EE955D300ADCE4C /* zisakuUITests */ = {
			isa = PBXNativeTarget;
			buildConfigurationList = 8E1B60001EE955D300ADCE4C /* Build configuration list for PBXNativeTarget "zisakuUITests" */;
			buildPhases = (
				8E1B5FED1EE955D300ADCE4C /* Sources */,
				8E1B5FEE1EE955D300ADCE4C /* Frameworks */,
				8E1B5FEF1EE955D300ADCE4C /* Resources */,
			);
			buildRules = (
			);
			dependencies = (
				8E1B5FF31EE955D300ADCE4C /* PBXTargetDependency */,
			);
			name = zisakuUITests;
			productName = zisakuUITests;
			productReference = 8E1B5FF11EE955D300ADCE4C /* zisakuUITests.xctest */;
			productType = "com.apple.product-type.bundle.ui-testing";
		};
/* End PBXNativeTarget section */

/* Begin PBXProject section */
		8E1B5FCA1EE955D300ADCE4C /* Project object */ = {
			isa = PBXProject;
			attributes = {
				LastSwiftUpdateCheck = 0800;
				LastUpgradeCheck = 0800;
				ORGANIZATIONNAME = "齋藤太陽";
				TargetAttributes = {
					8E1B5FD11EE955D300ADCE4C = {
						CreatedOnToolsVersion = 8.0;
						ProvisioningStyle = Automatic;
					};
					8E1B5FE51EE955D300ADCE4C = {
						CreatedOnToolsVersion = 8.0;
						ProvisioningStyle = Automatic;
						TestTargetID = 8E1B5FD11EE955D300ADCE4C;
					};
					8E1B5FF01EE955D300ADCE4C = {
						CreatedOnToolsVersion = 8.0;
						ProvisioningStyle = Automatic;
						TestTargetID = 8E1B5FD11EE955D300ADCE4C;
					};
				};
			};
			buildConfigurationList = 8E1B5FCD1EE955D300ADCE4C /* Build configuration list for PBXProject "zisaku" */;
			compatibilityVersion = "Xcode 3.2";
			developmentRegion = English;
			hasScannedForEncodings = 0;
			knownRegions = (
				en,
				Base,
			);
			mainGroup = 8E1B5FC91EE955D300ADCE4C;
			productRefGroup = 8E1B5FD31EE955D300ADCE4C /* Products */;
			projectDirPath = "";
			projectRoot = "";
			targets = (
				8E1B5FD11EE955D300ADCE4C /* zisaku */,
				8E1B5FE51EE955D300ADCE4C /* zisakuTests */,
				8E1B5FF01EE955D300ADCE4C /* zisakuUITests */,
			);
		};
/* End PBXProject section */

/* Begin PBXResourcesBuildPhase section */
		8E1B5FD01EE955D300ADCE4C /* Resources */ = {
			isa = PBXResourcesBuildPhase;
			buildActionMask = 2147483647;
			files = (
				8E1B5FE01EE955D300ADCE4C /* LaunchScreen.storyboard in Resources */,
				8E1B5FDD1EE955D300ADCE4C /* Assets.xcassets in Resources */,
				8E1B5FDB1EE955D300ADCE4C /* Main.storyboard in Resources */,
			);
			runOnlyForDeploymentPostprocessing = 0;
		};
		8E1B5FE41EE955D300ADCE4C /* Resources */ = {
			isa = PBXResourcesBuildPhase;
			buildActionMask = 2147483647;
			files = (
			);
			runOnlyForDeploymentPostprocessing = 0;
		};
		8E1B5FEF1EE955D300ADCE4C /* Resources */ = {
			isa = PBXResourcesBuildPhase;
			buildActionMask = 2147483647;
			files = (
			);
			runOnlyForDeploymentPostprocessing = 0;
		};
/* End PBXResourcesBuildPhase section */

/* Begin PBXSourcesBuildPhase section */
		8E1B5FCE1EE955D300ADCE4C /* Sources */ = {
			isa = PBXSourcesBuildPhase;
			buildActionMask = 2147483647;
			files = (
				8E1B5FD81EE955D300ADCE4C /* ViewController.swift in Sources */,
				8E1B5FD61EE955D300ADCE4C /* AppDelegate.swift in Sources */,
			);
			runOnlyForDeploymentPostprocessing = 0;
		};
		8E1B5FE21EE955D300ADCE4C /* Sources */ = {
			isa = PBXSourcesBuildPhase;
			buildActionMask = 2147483647;
			files = (
				8E1B5FEB1EE955D300ADCE4C /* zisakuTests.swift in Sources */,
			);
			runOnlyForDeploymentPostprocessing = 0;
		};
		8E1B5FED1EE955D300ADCE4C /* Sources */ = {
			isa = PBXSourcesBuildPhase;
			buildActionMask = 2147483647;
			files = (
				8E1B5FF61EE955D300ADCE4C /* zisakuUITests.swift in Sources */,
			);
			runOnlyForDeploymentPostprocessing = 0;
		};
/* End PBXSourcesBuildPhase section */

/* Begin PBXTargetDependency section */
		8E1B5FE81EE955D300ADCE4C /* PBXTargetDependency */ = {
			isa = PBXTargetDependency;
			target = 8E1B5FD11EE955D300ADCE4C /* zisaku */;
			targetProxy = 8E1B5FE71EE955D300ADCE4C /* PBXContainerItemProxy */;
		};
		8E1B5FF31EE955D300ADCE4C /* PBXTargetDependency */ = {
			isa = PBXTargetDependency;
			target = 8E1B5FD11EE955D300ADCE4C /* zisaku */;
			targetProxy = 8E1B5FF21EE955D300ADCE4C /* PBXContainerItemProxy */;
		};
/* End PBXTargetDependency section */

/* Begin PBXVariantGroup section */
		8E1B5FD91EE955D300ADCE4C /* Main.storyboard */ = {
			isa = PBXVariantGroup;
			children = (
				8E1B5FDA1EE955D300ADCE4C /* Base */,
			);
			name = Main.storyboard;
			sourceTree = "<group>";
		};
		8E1B5FDE1EE955D300ADCE4C /* LaunchScreen.storyboard */ = {
			isa = PBXVariantGroup;
			children = (
				8E1B5FDF1EE955D300ADCE4C /* Base */,
			);
			name = LaunchScreen.storyboard;
			sourceTree = "<group>";
		};
/* End PBXVariantGroup section */

/* Begin XCBuildConfiguration section */
		8E1B5FF81EE955D300ADCE4C /* Debug */ = {
			isa = XCBuildConfiguration;
			buildSettings = {
				ALWAYS_SEARCH_USER_PATHS = NO;
				CLANG_ANALYZER_NONNULL = YES;
				CLANG_CXX_LANGUAGE_STANDARD = "gnu++0x";
				CLANG_CXX_LIBRARY = "libc++";
				CLANG_ENABLE_MODULES = YES;
				CLANG_ENABLE_OBJC_ARC = YES;
				CLANG_WARN_BOOL_CONVERSION = YES;
				CLANG_WARN_CONSTANT_CONVERSION = YES;
				CLANG_WARN_DIRECT_OBJC_ISA_USAGE = YES_ERROR;
				CLANG_WARN_DOCUMENTATION_COMMENTS = YES;
				CLANG_WARN_EMPTY_BODY = YES;
				CLANG_WARN_ENUM_CONVERSION = YES;
				CLANG_WARN_INFINITE_RECURSION = YES;
				CLANG_WARN_INT_CONVERSION = YES;
				CLANG_WARN_OBJC_ROOT_CLASS = YES_ERROR;
				CLANG_WARN_SUSPICIOUS_MOVES = YES;
				CLANG_WARN_UNREACHABLE_CODE = YES;
				CLANG_WARN__DUPLICATE_METHOD_MATCH = YES;
				"CODE_SIGN_IDENTITY[sdk=iphoneos*]" = "iPhone Developer";
				COPY_PHASE_STRIP = NO;
				DEBUG_INFORMATION_FORMAT = dwarf;
				ENABLE_STRICT_OBJC_MSGSEND = YES;
				ENABLE_TESTABILITY = YES;
				GCC_C_LANGUAGE_STANDARD = gnu99;
				GCC_DYNAMIC_NO_PIC = NO;
				GCC_NO_COMMON_BLOCKS = YES;
				GCC_OPTIMIZATION_LEVEL = 0;
				GCC_PREPROCESSOR_DEFINITIONS = (
					"DEBUG=1",
					"$(inherited)",
				);
				GCC_WARN_64_TO_32_BIT_CONVERSION = YES;
				GCC_WARN_ABOUT_RETURN_TYPE = YES_ERROR;
				GCC_WARN_UNDECLARED_SELECTOR = YES;
				GCC_WARN_UNINITIALIZED_AUTOS = YES_AGGRESSIVE;
				GCC_WARN_UNUSED_FUNCTION = YES;
				GCC_WARN_UNUSED_VARIABLE = YES;
				IPHONEOS_DEPLOYMENT_TARGET = 10.0;
				MTL_ENABLE_DEBUG_INFO = YES;
				ONLY_ACTIVE_ARCH = YES;
				SDKROOT = iphoneos;
				SWIFT_ACTIVE_COMPILATION_CONDITIONS = DEBUG;
				SWIFT_OPTIMIZATION_LEVEL = "-Onone";
			};
			name = Debug;
		};
		8E1B5FF91EE955D300ADCE4C /* Release */ = {
			isa = XCBuildConfiguration;
			buildSettings = {
				ALWAYS_SEARCH_USER_PATHS = NO;
				CLANG_ANALYZER_NONNULL = YES;
				CLANG_CXX_LANGUAGE_STANDARD = "gnu++0x";
				CLANG_CXX_LIBRARY = "libc++";
				CLANG_ENABLE_MODULES = YES;
				CLANG_ENABLE_OBJC_ARC = YES;
				CLANG_WARN_BOOL_CONVERSION = YES;
				CLANG_WARN_CONSTANT_CONVERSION = YES;
				CLANG_WARN_DIRECT_OBJC_ISA_USAGE = YES_ERROR;
				CLANG_WARN_DOCUMENTATION_COMMENTS = YES;
				CLANG_WARN_EMPTY_BODY = YES;
				CLANG_WARN_ENUM_CONVERSION = YES;
				CLANG_WARN_INFINITE_RECURSION = YES;
				CLANG_WARN_INT_CONVERSION = YES;
				CLANG_WARN_OBJC_ROOT_CLASS = YES_ERROR;
				CLANG_WARN_SUSPICIOUS_MOVES = YES;
				CLANG_WARN_UNREACHABLE_CODE = YES;
				CLANG_WARN__DUPLICATE_METHOD_MATCH = YES;
				"CODE_SIGN_IDENTITY[sdk=iphoneos*]" = "iPhone Developer";
				COPY_PHASE_STRIP = NO;
				DEBUG_INFORMATION_FORMAT = "dwarf-with-dsym";
				ENABLE_NS_ASSERTIONS = NO;
				ENABLE_STRICT_OBJC_MSGSEND = YES;
				GCC_C_LANGUAGE_STANDARD = gnu99;
				GCC_NO_COMMON_BLOCKS = YES;
				GCC_WARN_64_TO_32_BIT_CONVERSION = YES;
				GCC_WARN_ABOUT_RETURN_TYPE = YES_ERROR;
				GCC_WARN_UNDECLARED_SELECTOR = YES;
				GCC_WARN_UNINITIALIZED_AUTOS = YES_AGGRESSIVE;
				GCC_WARN_UNUSED_FUNCTION = YES;
				GCC_WARN_UNUSED_VARIABLE = YES;
				IPHONEOS_DEPLOYMENT_TARGET = 10.0;
				MTL_ENABLE_DEBUG_INFO = NO;
				SDKROOT = iphoneos;
				SWIFT_OPTIMIZATION_LEVEL = "-Owholemodule";
				VALIDATE_PRODUCT = YES;
			};
			name = Release;
		};
		8E1B5FFB1EE955D300ADCE4C /* Debug */ = {
			isa = XCBuildConfiguration;
			buildSettings = {
				ASSETCATALOG_COMPILER_APPICON_NAME = AppIcon;
				INFOPLIST_FILE = zisaku/Info.plist;
				LD_RUNPATH_SEARCH_PATHS = "$(inherited) @executable_path/Frameworks";
				PRODUCT_BUNDLE_IDENTIFIER = com.life.zisaku;
				PRODUCT_NAME = "$(TARGET_NAME)";
				SWIFT_VERSION = 3.0;
			};
			name = Debug;
		};
		8E1B5FFC1EE955D300ADCE4C /* Release */ = {
			isa = XCBuildConfiguration;
			buildSettings = {
				ASSETCATALOG_COMPILER_APPICON_NAME = AppIcon;
				INFOPLIST_FILE = zisaku/Info.plist;
				LD_RUNPATH_SEARCH_PATHS = "$(inherited) @executable_path/Frameworks";
				PRODUCT_BUNDLE_IDENTIFIER = com.life.zisaku;
				PRODUCT_NAME = "$(TARGET_NAME)";
				SWIFT_VERSION = 3.0;
			};
			name = Release;
		};
		8E1B5FFE1EE955D300ADCE4C /* Debug */ = {
			isa = XCBuildConfiguration;
			buildSettings = {
				ALWAYS_EMBED_SWIFT_STANDARD_LIBRARIES = YES;
				BUNDLE_LOADER = "$(TEST_HOST)";
				INFOPLIST_FILE = zisakuTests/Info.plist;
				LD_RUNPATH_SEARCH_PATHS = "$(inherited) @executable_path/Frameworks @loader_path/Frameworks";
				PRODUCT_BUNDLE_IDENTIFIER = com.life.zisakuTests;
				PRODUCT_NAME = "$(TARGET_NAME)";
				SWIFT_VERSION = 3.0;
				TEST_HOST = "$(BUILT_PRODUCTS_DIR)/zisaku.app/zisaku";
			};
			name = Debug;
		};
		8E1B5FFF1EE955D300ADCE4C /* Release */ = {
			isa = XCBuildConfiguration;
			buildSettings = {
				ALWAYS_EMBED_SWIFT_STANDARD_LIBRARIES = YES;
				BUNDLE_LOADER = "$(TEST_HOST)";
				INFOPLIST_FILE = zisakuTests/Info.plist;
				LD_RUNPATH_SEARCH_PATHS = "$(inherited) @executable_path/Frameworks @loader_path/Frameworks";
				PRODUCT_BUNDLE_IDENTIFIER = com.life.zisakuTests;
				PRODUCT_NAME = "$(TARGET_NAME)";
				SWIFT_VERSION = 3.0;
				TEST_HOST = "$(BUILT_PRODUCTS_DIR)/zisaku.app/zisaku";
			};
			name = Release;
		};
		8E1B60011EE955D300ADCE4C /* Debug */ = {
			isa = XCBuildConfiguration;
			buildSettings = {
				ALWAYS_EMBED_SWIFT_STANDARD_LIBRARIES = YES;
				INFOPLIST_FILE = zisakuUITests/Info.plist;
				LD_RUNPATH_SEARCH_PATHS = "$(inherited) @executable_path/Frameworks @loader_path/Frameworks";
				PRODUCT_BUNDLE_IDENTIFIER = com.life.zisakuUITests;
				PRODUCT_NAME = "$(TARGET_NAME)";
				SWIFT_VERSION = 3.0;
				TEST_TARGET_NAME = zisaku;
			};
			name = Debug;
		};
		8E1B60021EE955D300ADCE4C /* Release */ = {
			isa = XCBuildConfiguration;
			buildSettings = {
				ALWAYS_EMBED_SWIFT_STANDARD_LIBRARIES = YES;
				INFOPLIST_FILE = zisakuUITests/Info.plist;
				LD_RUNPATH_SEARCH_PATHS = "$(inherited) @executable_path/Frameworks @loader_path/Frameworks";
				PRODUCT_BUNDLE_IDENTIFIER = com.life.zisakuUITests;
				PRODUCT_NAME = "$(TARGET_NAME)";
				SWIFT_VERSION = 3.0;
				TEST_TARGET_NAME = zisaku;
			};
			name = Release;
		};
/* End XCBuildConfiguration section */

/* Begin XCConfigurationList section */
		8E1B5FCD1EE955D300ADCE4C /* Build configuration list for PBXProject "zisaku" */ = {
			isa = XCConfigurationList;
			buildConfigurations = (
				8E1B5FF81EE955D300ADCE4C /* Debug */,
				8E1B5FF91EE955D300ADCE4C /* Release */,
			);
			defaultConfigurationIsVisible = 0;
			defaultConfigurationName = Release;
		};
		8E1B5FFA1EE955D300ADCE4C /* Build configuration list for PBXNativeTarget "zisaku" */ = {
			isa = XCConfigurationList;
			buildConfigurations = (
				8E1B5FFB1EE955D300ADCE4C /* Debug */,
				8E1B5FFC1EE955D300ADCE4C /* Release */,
			);
			defaultConfigurationIsVisible = 0;
		};
		8E1B5FFD1EE955D300ADCE4C /* Build configuration list for PBXNativeTarget "zisakuTests" */ = {
			isa = XCConfigurationList;
			buildConfigurations = (
				8E1B5FFE1EE955D300ADCE4C /* Debug */,
				8E1B5FFF1EE955D300ADCE4C /* Release */,
			);
			defaultConfigurationIsVisible = 0;
		};
		8E1B60001EE955D300ADCE4C /* Build configuration list for PBXNativeTarget "zisakuUITests" */ = {
			isa = XCConfigurationList;
			buildConfigurations = (
				8E1B60011EE955D300ADCE4C /* Debug */,
				8E1B60021EE955D300ADCE4C /* Release */,
			);
			defaultConfigurationIsVisible = 0;
		};
/* End XCConfigurationList section */
	};
	rootObject = 8E1B5FCA1EE955D300ADCE4C /* Project object */;
}
